
Microsoft Visual Studio Solution File, Format Version 12.00
# Visual Studio 14
VisualStudioVersion = 14.0.25420.1
MinimumVisualStudioVersion = 10.0.40219.1
Project("{FAE04EC0-301F-11D3-BF4B-00C04F79EFBC}") = "Password.Storage", "Password.Storage\Password.Storage.csproj", "{44B95FF8-998A-489D-933F-2D992ED8D2ED}"
EndProject
Project("{FAE04EC0-301F-11D3-BF4B-00C04F79EFBC}") = "Password.Storage.Config", "Password.Storage.Config\Password.Storage.Config.csproj", "{8883C43E-C112-4286-BFA6-D24539F9F99C}"
EndProject
Global
	GlobalSection(SolutionConfigurationPlatforms) = preSolution
		Debug|Any CPU = Debug|Any CPU
		Release|Any CPU = Release|Any CPU
	EndGlobalSection
	GlobalSection(ProjectConfigurationPlatforms) = postSolution
		{44B95FF8-998A-489D-933F-2D992ED8D2ED}.Debug|Any CPU.ActiveCfg = Debug|Any CPU
		{44B95FF8-998A-489D-933F-2D992ED8D2ED}.Debug|Any CPU.Build.0 = Debug|Any CPU
		{44B95FF8-998A-489D-933F-2D992ED8D2ED}.Release|Any CPU.ActiveCfg = Release|Any CPU
		{44B95FF8-998A-489D-933F-2D992ED8D2ED}.Release|Any CPU.Build.0 = Release|Any CPU
		{8883C43E-C112-4286-BFA6-D24539F9F99C}.Debug|Any CPU.ActiveCfg = Debug|Any CPU
		{8883C43E-C112-4286-BFA6-D24539F9F99C}.Debug|Any CPU.Build.0 = Debug|Any CPU
		{8883C43E-C112-4286-BFA6-D24539F9F99C}.Release|Any CPU.ActiveCfg = Release|Any CPU
		{8883C43E-C112-4286-BFA6-D24539F9F99C}.Release|Any CPU.Build.0 = Release|Any CPU
	EndGlobalSection
	GlobalSection(SolutionProperties) = preSolution
		HideSolutionNode = FALSE
	EndGlobalSection
EndGlobal
